
Microsoft Visual Studio Solution File, Format Version 12.00
# Visual Studio Version 17
VisualStudioVersion = 17.1.32414.318
MinimumVisualStudioVersion = 10.0.40219.1
Project("{FAE04EC0-301F-11D3-BF4B-00C04F79EFBC}") = "ArandaCatalogsAPI", "ArandaCatalogsAPI\ArandaCatalogsAPI.csproj", "{C9F953A7-62A2-4DB3-83E9-034E53381003}"
EndProject
Project("{FAE04EC0-301F-11D3-BF4B-00C04F79EFBC}") = "ArandaCatalogs.Domain", "ArandaCatalogs.Domain\ArandaCatalogs.Domain.csproj", "{B8B70368-5E10-4219-A805-9FBB26404CE8}"
EndProject
Project("{FAE04EC0-301F-11D3-BF4B-00C04F79EFBC}") = "ArandaCatalogs.Infrastructure", "ArandaCatalogs.Infrastructure\ArandaCatalogs.Infrastructure.csproj", "{EE4E3203-5215-457C-B305-D23AF2A64029}"
EndProject
Global
	GlobalSection(SolutionConfigurationPlatforms) = preSolution
		Debug|Any CPU = Debug|Any CPU
		Release|Any CPU = Release|Any CPU
	EndGlobalSection
	GlobalSection(ProjectConfigurationPlatforms) = postSolution
		{C9F953A7-62A2-4DB3-83E9-034E53381003}.Debug|Any CPU.ActiveCfg = Debug|Any CPU
		{C9F953A7-62A2-4DB3-83E9-034E53381003}.Debug|Any CPU.Build.0 = Debug|Any CPU
		{C9F953A7-62A2-4DB3-83E9-034E53381003}.Release|Any CPU.ActiveCfg = Release|Any CPU
		{C9F953A7-62A2-4DB3-83E9-034E53381003}.Release|Any CPU.Build.0 = Release|Any CPU
		{B8B70368-5E10-4219-A805-9FBB26404CE8}.Debug|Any CPU.ActiveCfg = Debug|Any CPU
		{B8B70368-5E10-4219-A805-9FBB26404CE8}.Debug|Any CPU.Build.0 = Debug|Any CPU
		{B8B70368-5E10-4219-A805-9FBB26404CE8}.Release|Any CPU.ActiveCfg = Release|Any CPU
		{B8B70368-5E10-4219-A805-9FBB26404CE8}.Release|Any CPU.Build.0 = Release|Any CPU
		{EE4E3203-5215-457C-B305-D23AF2A64029}.Debug|Any CPU.ActiveCfg = Debug|Any CPU
		{EE4E3203-5215-457C-B305-D23AF2A64029}.Debug|Any CPU.Build.0 = Debug|Any CPU
		{EE4E3203-5215-457C-B305-D23AF2A64029}.Release|Any CPU.ActiveCfg = Release|Any CPU
		{EE4E3203-5215-457C-B305-D23AF2A64029}.Release|Any CPU.Build.0 = Release|Any CPU
	EndGlobalSection
	GlobalSection(SolutionProperties) = preSolution
		HideSolutionNode = FALSE
	EndGlobalSection
	GlobalSection(ExtensibilityGlobals) = postSolution
		SolutionGuid = {2482BE72-3463-431A-8283-8BDCF588E783}
	EndGlobalSection
EndGlobal
