
Microsoft Visual Studio Solution File, Format Version 12.00
# Visual Studio Version 17
VisualStudioVersion = 17.1.32414.318
MinimumVisualStudioVersion = 10.0.40219.1
Project("{FAE04EC0-301F-11D3-BF4B-00C04F79EFBC}") = "ArandaCatalogsAPI", "ArandaCatalogsAPI\ArandaCatalogsAPI.csproj", "{C9F953A7-62A2-4DB3-83E9-034E53381003}"
EndProject
Project("{FAE04EC0-301F-11D3-BF4B-00C04F79EFBC}") = "ArandaCatalogs.Infrastructure", "ArandaCatalogs.Infrastructure\ArandaCatalogs.Infrastructure.csproj", "{11AD34ED-F2C9-4D10-BEBB-BD4FD18BFA70}"
EndProject
Project("{FAE04EC0-301F-11D3-BF4B-00C04F79EFBC}") = "ArandaCatalogs.Domain", "ArandaCatalogs.Domain\ArandaCatalogs.Domain.csproj", "{30E67072-E748-4C18-8508-D0D48FFDB150}"
EndProject
Global
	GlobalSection(SolutionConfigurationPlatforms) = preSolution
		Debug|Any CPU = Debug|Any CPU
		Release|Any CPU = Release|Any CPU
	EndGlobalSection
	GlobalSection(ProjectConfigurationPlatforms) = postSolution
		{C9F953A7-62A2-4DB3-83E9-034E53381003}.Debug|Any CPU.ActiveCfg = Debug|Any CPU
		{C9F953A7-62A2-4DB3-83E9-034E53381003}.Debug|Any CPU.Build.0 = Debug|Any CPU
		{C9F953A7-62A2-4DB3-83E9-034E53381003}.Release|Any CPU.ActiveCfg = Release|Any CPU
		{C9F953A7-62A2-4DB3-83E9-034E53381003}.Release|Any CPU.Build.0 = Release|Any CPU
		{11AD34ED-F2C9-4D10-BEBB-BD4FD18BFA70}.Debug|Any CPU.ActiveCfg = Debug|Any CPU
		{11AD34ED-F2C9-4D10-BEBB-BD4FD18BFA70}.Debug|Any CPU.Build.0 = Debug|Any CPU
		{11AD34ED-F2C9-4D10-BEBB-BD4FD18BFA70}.Release|Any CPU.ActiveCfg = Release|Any CPU
		{11AD34ED-F2C9-4D10-BEBB-BD4FD18BFA70}.Release|Any CPU.Build.0 = Release|Any CPU
		{30E67072-E748-4C18-8508-D0D48FFDB150}.Debug|Any CPU.ActiveCfg = Debug|Any CPU
		{30E67072-E748-4C18-8508-D0D48FFDB150}.Debug|Any CPU.Build.0 = Debug|Any CPU
		{30E67072-E748-4C18-8508-D0D48FFDB150}.Release|Any CPU.ActiveCfg = Release|Any CPU
		{30E67072-E748-4C18-8508-D0D48FFDB150}.Release|Any CPU.Build.0 = Release|Any CPU
	EndGlobalSection
	GlobalSection(SolutionProperties) = preSolution
		HideSolutionNode = FALSE
	EndGlobalSection
	GlobalSection(ExtensibilityGlobals) = postSolution
		SolutionGuid = {2482BE72-3463-431A-8283-8BDCF588E783}
	EndGlobalSection
EndGlobal
